
Microsoft Visual Studio Solution File, Format Version 12.00
# Visual Studio Version 17
VisualStudioVersion = 17.8.34330.188
MinimumVisualStudioVersion = 10.0.40219.1
Project("{FAE04EC0-301F-11D3-BF4B-00C04F79EFBC}") = "FacadeAnalysis", "FacadeAnalysis\FacadeAnalysis.csproj", "{C3F07612-D0B8-43E4-B2A3-93F394561E28}"
EndProject
Global
	GlobalSection(SolutionConfigurationPlatforms) = preSolution
		Debug|Any CPU = Debug|Any CPU
		Release|Any CPU = Release|Any CPU
	EndGlobalSection
	GlobalSection(ProjectConfigurationPlatforms) = postSolution
		{C3F07612-D0B8-43E4-B2A3-93F394561E28}.Debug|Any CPU.ActiveCfg = Debug|Any CPU
		{C3F07612-D0B8-43E4-B2A3-93F394561E28}.Debug|Any CPU.Build.0 = Debug|Any CPU
		{C3F07612-D0B8-43E4-B2A3-93F394561E28}.Release|Any CPU.ActiveCfg = Release|Any CPU
		{C3F07612-D0B8-43E4-B2A3-93F394561E28}.Release|Any CPU.Build.0 = Release|Any CPU
	EndGlobalSection
	GlobalSection(SolutionProperties) = preSolution
		HideSolutionNode = FALSE
	EndGlobalSection
	GlobalSection(ExtensibilityGlobals) = postSolution
		SolutionGuid = {8779BD4C-2893-44DA-B455-C32C30F459DA}
	EndGlobalSection
EndGlobal
